{
  "nodes": {
    "dkm": {
      "inputs": {
        "flake-utils": "flake-utils",
        "nixpkgs": [
          "nixpkgs"
        ]
      },
      "locked": {
        "lastModified": 1745237200,
        "narHash": "sha256-oB5pX8dXVN6HvrUAdkDKEW6NNAShc+O0JYFc6zAdlZI=",
        "owner": "dogebox-wg",
        "repo": "dkm",
        "rev": "52d2673c693cc96a96970cf67a8c243f12af15b0",
        "type": "github"
      },
      "original": {
        "owner": "dogebox-wg",
        "ref": "dev-flake",
        "repo": "dkm",
        "type": "github"
      }
    },
    "dogeboxd": {
      "inputs": {
        "dpanel-src": "dpanel-src",
        "flake-utils": "flake-utils_2",
        "nixpkgs": [
          "nixpkgs"
        ]
      },
      "locked": {
        "lastModified": 1745236359,
        "narHash": "sha256-af2DspITKiJG77kN+wsD8Dp2dfTv7E3UiwabWuRgioY=",
        "owner": "dogebox-wg",
        "repo": "dogeboxd",
        "rev": "6cc5053f19ed8ffe3bede8b690729e2b21bc51ec",
        "type": "github"
      },
      "original": {
        "owner": "dogebox-wg",
        "ref": "dev-flake",
        "repo": "dogeboxd",
        "type": "github"
      }
    },
    "dpanel-src": {
      "flake": false,
      "locked": {
        "lastModified": 1734661435,
        "narHash": "sha256-spr0RSaJ3CIThRUB+w/Z9rmHhNrsKCH8moV/NBTohhI=",
        "owner": "dogeorg",
        "repo": "dpanel",
        "rev": "b35a676cf7e66199013b312d96b79053b17d53c6",
        "type": "github"
      },
      "original": {
        "owner": "dogeorg",
        "repo": "dpanel",
        "rev": "b35a676cf7e66199013b312d96b79053b17d53c6",
        "type": "github"
      }
    },
    "flake-utils": {
      "inputs": {
        "systems": "systems"
      },
      "locked": {
        "lastModified": 1731533236,
        "narHash": "sha256-l0KFg5HjrsfsO/JpG+r7fRrqm12kzFHyUHqHCVpMMbI=",
        "owner": "numtide",
        "repo": "flake-utils",
        "rev": "11707dc2f618dd54ca8739b309ec4fc024de578b",
        "type": "github"
      },
      "original": {
        "owner": "numtide",
        "repo": "flake-utils",
        "type": "github"
      }
    },
    "flake-utils_2": {
      "inputs": {
        "systems": "systems_2"
      },
      "locked": {
        "lastModified": 1731533236,
        "narHash": "sha256-l0KFg5HjrsfsO/JpG+r7fRrqm12kzFHyUHqHCVpMMbI=",
        "owner": "numtide",
        "repo": "flake-utils",
        "rev": "11707dc2f618dd54ca8739b309ec4fc024de578b",
        "type": "github"
      },
      "original": {
        "owner": "numtide",
        "repo": "flake-utils",
        "type": "github"
      }
    },
    "flake-utils_3": {
      "inputs": {
        "systems": "systems_3"
      },
      "locked": {
        "lastModified": 1731533236,
        "narHash": "sha256-l0KFg5HjrsfsO/JpG+r7fRrqm12kzFHyUHqHCVpMMbI=",
        "owner": "numtide",
        "repo": "flake-utils",
        "rev": "11707dc2f618dd54ca8739b309ec4fc024de578b",
        "type": "github"
      },
      "original": {
        "owner": "numtide",
        "repo": "flake-utils",
        "type": "github"
      }
    },
    "nixlib": {
      "locked": {
        "lastModified": 1733015484,
        "narHash": "sha256-qiyO0GrTvbp869U4VGX5GhAZ00fSiPXszvosY1AgKQ8=",
        "owner": "nix-community",
        "repo": "nixpkgs.lib",
        "rev": "0e4fdd4a0ab733276b6d2274ff84ae353f17129e",
        "type": "github"
      },
      "original": {
        "owner": "nix-community",
        "repo": "nixpkgs.lib",
        "type": "github"
      }
    },
    "nixos-generators": {
      "inputs": {
        "nixlib": "nixlib",
        "nixpkgs": [
          "nixpkgs"
        ]
      },
      "locked": {
        "lastModified": 1733101779,
        "narHash": "sha256-Qqnfnb/RFxBbD25UYJ/yibvl9kIZNK5WkyLsUcb2byk=",
        "owner": "nix-community",
        "repo": "nixos-generators",
        "rev": "a471acc460d4c238936a5116c8cc48a3c431dd66",
        "type": "github"
      },
      "original": {
        "owner": "nix-community",
        "repo": "nixos-generators",
        "type": "github"
      }
    },
    "nixpkgs": {
      "locked": {
        "lastModified": 1733120037,
        "narHash": "sha256-En+gSoVJ3iQKPDU1FHrR6zIxSLXKjzKY+pnh9tt+Yts=",
        "owner": "NixOS",
        "repo": "nixpkgs",
        "rev": "f9f0d5c5380be0a599b1fb54641fa99af8281539",
        "type": "github"
      },
      "original": {
        "id": "nixpkgs",
        "ref": "nixos-24.11",
        "type": "indirect"
      }
    },
    "root": {
      "inputs": {
        "dkm": "dkm",
        "dogeboxd": "dogeboxd",
        "flake-utils": "flake-utils_3",
        "nixos-generators": "nixos-generators",
        "nixpkgs": "nixpkgs"
      }
    },
    "systems": {
      "locked": {
        "lastModified": 1681028828,
        "narHash": "sha256-Vy1rq5AaRuLzOxct8nz4T6wlgyUR7zLU309k9mBC768=",
        "owner": "nix-systems",
        "repo": "default",
        "rev": "da67096a3b9bf56a91d16901293e51ba5b49a27e",
        "type": "github"
      },
      "original": {
        "owner": "nix-systems",
        "repo": "default",
        "type": "github"
      }
    },
    "systems_2": {
      "locked": {
        "lastModified": 1681028828,
        "narHash": "sha256-Vy1rq5AaRuLzOxct8nz4T6wlgyUR7zLU309k9mBC768=",
        "owner": "nix-systems",
        "repo": "default",
        "rev": "da67096a3b9bf56a91d16901293e51ba5b49a27e",
        "type": "github"
      },
      "original": {
        "owner": "nix-systems",
        "repo": "default",
        "type": "github"
      }
    },
    "systems_3": {
      "locked": {
        "lastModified": 1681028828,
        "narHash": "sha256-Vy1rq5AaRuLzOxct8nz4T6wlgyUR7zLU309k9mBC768=",
        "owner": "nix-systems",
        "repo": "default",
        "rev": "da67096a3b9bf56a91d16901293e51ba5b49a27e",
        "type": "github"
      },
      "original": {
        "owner": "nix-systems",
        "repo": "default",
        "type": "github"
      }
    }
  },
  "root": "root",
  "version": 7
}
